{
  "requires": true,
  "lockfileVersion": 1,
  "dependencies": {
    "basic-ftp": {
      "version": "4.6.3",
      "resolved": "https://registry.npmjs.org/basic-ftp/-/basic-ftp-4.6.3.tgz",
      "integrity": "sha512-u/zMus8UacMmsxko3szgmuMYaf7pvYV/k/rMJb1I9RCByURWaVP7/jii/8cvPWF3Co7qqBgwRMhyI5vg727OhA=="
    }
  }
}
